
Microsoft Visual Studio Solution File, Format Version 12.00
# Visual Studio Version 17
VisualStudioVersion = 17.0.31710.8
MinimumVisualStudioVersion = 10.0.40219.1
Project("{FAE04EC0-301F-11D3-BF4B-00C04F79EFBC}") = "MACEnumerator", "MACEnumerator.csproj", "{463F92E2-4AEA-4B57-97A8-CDBFF5C850B7}"
EndProject
Global
	GlobalSection(SolutionConfigurationPlatforms) = preSolution
		Debug|Any CPU = Debug|Any CPU
		Release|Any CPU = Release|Any CPU
	EndGlobalSection
	GlobalSection(ProjectConfigurationPlatforms) = postSolution
		{463F92E2-4AEA-4B57-97A8-CDBFF5C850B7}.Debug|Any CPU.ActiveCfg = Debug|Any CPU
		{463F92E2-4AEA-4B57-97A8-CDBFF5C850B7}.Debug|Any CPU.Build.0 = Debug|Any CPU
		{463F92E2-4AEA-4B57-97A8-CDBFF5C850B7}.Release|Any CPU.ActiveCfg = Release|Any CPU
		{463F92E2-4AEA-4B57-97A8-CDBFF5C850B7}.Release|Any CPU.Build.0 = Release|Any CPU
	EndGlobalSection
	GlobalSection(SolutionProperties) = preSolution
		HideSolutionNode = FALSE
	EndGlobalSection
	GlobalSection(ExtensibilityGlobals) = postSolution
		SolutionGuid = {A0804812-2A00-4EF3-94EE-925B517A4CDD}
	EndGlobalSection
EndGlobal
